
Microsoft Visual Studio Solution File, Format Version 12.00
# Visual Studio Version 17
VisualStudioVersion = 17.14.36518.9
MinimumVisualStudioVersion = 10.0.40219.1
Project("{FAE04EC0-301F-11D3-BF4B-00C04F79EFBC}") = "SongGuesser.Api", "SongGuesser.Api.csproj", "{4344DCE8-A6FC-361C-FF0B-EAB6A7DBE027}"
EndProject
Global
	GlobalSection(SolutionConfigurationPlatforms) = preSolution
		Debug|Any CPU = Debug|Any CPU
		Release|Any CPU = Release|Any CPU
	EndGlobalSection
	GlobalSection(ProjectConfigurationPlatforms) = postSolution
		{4344DCE8-A6FC-361C-FF0B-EAB6A7DBE027}.Debug|Any CPU.ActiveCfg = Debug|Any CPU
		{4344DCE8-A6FC-361C-FF0B-EAB6A7DBE027}.Debug|Any CPU.Build.0 = Debug|Any CPU
		{4344DCE8-A6FC-361C-FF0B-EAB6A7DBE027}.Release|Any CPU.ActiveCfg = Release|Any CPU
		{4344DCE8-A6FC-361C-FF0B-EAB6A7DBE027}.Release|Any CPU.Build.0 = Release|Any CPU
	EndGlobalSection
	GlobalSection(SolutionProperties) = preSolution
		HideSolutionNode = FALSE
	EndGlobalSection
	GlobalSection(ExtensibilityGlobals) = postSolution
		SolutionGuid = {501A2577-D201-4137-9080-2A4295074F3C}
	EndGlobalSection
EndGlobal
